
Microsoft Visual Studio Solution File, Format Version 12.00
# Visual Studio Version 16
VisualStudioVersion = 16.0.31624.102
MinimumVisualStudioVersion = 10.0.40219.1
Project("{F2A71F9B-5D33-465A-A702-920D77279786}") = "_24", "_24.fsproj", "{2A747EEA-8FB3-4D39-B0F5-A2820765FC57}"
EndProject
Global
	GlobalSection(SolutionConfigurationPlatforms) = preSolution
		Debug|Any CPU = Debug|Any CPU
		Release|Any CPU = Release|Any CPU
	EndGlobalSection
	GlobalSection(ProjectConfigurationPlatforms) = postSolution
		{2A747EEA-8FB3-4D39-B0F5-A2820765FC57}.Debug|Any CPU.ActiveCfg = Debug|Any CPU
		{2A747EEA-8FB3-4D39-B0F5-A2820765FC57}.Debug|Any CPU.Build.0 = Debug|Any CPU
		{2A747EEA-8FB3-4D39-B0F5-A2820765FC57}.Release|Any CPU.ActiveCfg = Release|Any CPU
		{2A747EEA-8FB3-4D39-B0F5-A2820765FC57}.Release|Any CPU.Build.0 = Release|Any CPU
	EndGlobalSection
	GlobalSection(SolutionProperties) = preSolution
		HideSolutionNode = FALSE
	EndGlobalSection
	GlobalSection(ExtensibilityGlobals) = postSolution
		SolutionGuid = {2DBFAF42-C8DA-4907-B1EE-AC49996D2A3B}
	EndGlobalSection
EndGlobal
