
Microsoft Visual Studio Solution File, Format Version 12.00
# Visual Studio Version 16
VisualStudioVersion = 16.0.32407.337
MinimumVisualStudioVersion = 10.0.40219.1
Project("{F2A71F9B-5D33-465A-A702-920D77279786}") = "_30", "_30.fsproj", "{DF523DDD-6449-4DAF-ACCC-0D27DEB719A0}"
EndProject
Global
	GlobalSection(SolutionConfigurationPlatforms) = preSolution
		Debug|Any CPU = Debug|Any CPU
		Release|Any CPU = Release|Any CPU
	EndGlobalSection
	GlobalSection(ProjectConfigurationPlatforms) = postSolution
		{DF523DDD-6449-4DAF-ACCC-0D27DEB719A0}.Debug|Any CPU.ActiveCfg = Debug|Any CPU
		{DF523DDD-6449-4DAF-ACCC-0D27DEB719A0}.Debug|Any CPU.Build.0 = Debug|Any CPU
		{DF523DDD-6449-4DAF-ACCC-0D27DEB719A0}.Release|Any CPU.ActiveCfg = Release|Any CPU
		{DF523DDD-6449-4DAF-ACCC-0D27DEB719A0}.Release|Any CPU.Build.0 = Release|Any CPU
	EndGlobalSection
	GlobalSection(SolutionProperties) = preSolution
		HideSolutionNode = FALSE
	EndGlobalSection
	GlobalSection(ExtensibilityGlobals) = postSolution
		SolutionGuid = {50E66F87-2202-4F63-A30A-1787A6BF67BE}
	EndGlobalSection
EndGlobal
