
Microsoft Visual Studio Solution File, Format Version 12.00
# Visual Studio Version 16
VisualStudioVersion = 16.0.31624.102
MinimumVisualStudioVersion = 10.0.40219.1
Project("{F2A71F9B-5D33-465A-A702-920D77279786}") = "Task_14", "Task_14.fsproj", "{3B5C886E-EE5C-431C-B7EF-9749F18C29F7}"
EndProject
Global
	GlobalSection(SolutionConfigurationPlatforms) = preSolution
		Debug|Any CPU = Debug|Any CPU
		Release|Any CPU = Release|Any CPU
	EndGlobalSection
	GlobalSection(ProjectConfigurationPlatforms) = postSolution
		{3B5C886E-EE5C-431C-B7EF-9749F18C29F7}.Debug|Any CPU.ActiveCfg = Debug|Any CPU
		{3B5C886E-EE5C-431C-B7EF-9749F18C29F7}.Debug|Any CPU.Build.0 = Debug|Any CPU
		{3B5C886E-EE5C-431C-B7EF-9749F18C29F7}.Release|Any CPU.ActiveCfg = Release|Any CPU
		{3B5C886E-EE5C-431C-B7EF-9749F18C29F7}.Release|Any CPU.Build.0 = Release|Any CPU
	EndGlobalSection
	GlobalSection(SolutionProperties) = preSolution
		HideSolutionNode = FALSE
	EndGlobalSection
	GlobalSection(ExtensibilityGlobals) = postSolution
		SolutionGuid = {E5337351-394B-4B0B-B374-7F931929D2DF}
	EndGlobalSection
EndGlobal
