
Microsoft Visual Studio Solution File, Format Version 12.00
# Visual Studio Version 16
VisualStudioVersion = 16.0.31624.102
MinimumVisualStudioVersion = 10.0.40219.1
Project("{F2A71F9B-5D33-465A-A702-920D77279786}") = "Task_15", "Task_15.fsproj", "{644BDD65-48CC-475D-ABE7-1C96C2B52B8F}"
EndProject
Global
	GlobalSection(SolutionConfigurationPlatforms) = preSolution
		Debug|Any CPU = Debug|Any CPU
		Release|Any CPU = Release|Any CPU
	EndGlobalSection
	GlobalSection(ProjectConfigurationPlatforms) = postSolution
		{644BDD65-48CC-475D-ABE7-1C96C2B52B8F}.Debug|Any CPU.ActiveCfg = Debug|Any CPU
		{644BDD65-48CC-475D-ABE7-1C96C2B52B8F}.Debug|Any CPU.Build.0 = Debug|Any CPU
		{644BDD65-48CC-475D-ABE7-1C96C2B52B8F}.Release|Any CPU.ActiveCfg = Release|Any CPU
		{644BDD65-48CC-475D-ABE7-1C96C2B52B8F}.Release|Any CPU.Build.0 = Release|Any CPU
	EndGlobalSection
	GlobalSection(SolutionProperties) = preSolution
		HideSolutionNode = FALSE
	EndGlobalSection
	GlobalSection(ExtensibilityGlobals) = postSolution
		SolutionGuid = {9C05B9DD-C48A-4613-9971-6F7E7EDCE544}
	EndGlobalSection
EndGlobal
