
Microsoft Visual Studio Solution File, Format Version 12.00
# Visual Studio Version 16
VisualStudioVersion = 16.0.31624.102
MinimumVisualStudioVersion = 10.0.40219.1
Project("{F2A71F9B-5D33-465A-A702-920D77279786}") = "_31", "_31.fsproj", "{B9C2A44C-AECA-4124-A5F2-F4914CD8CE43}"
EndProject
Global
	GlobalSection(SolutionConfigurationPlatforms) = preSolution
		Debug|Any CPU = Debug|Any CPU
		Release|Any CPU = Release|Any CPU
	EndGlobalSection
	GlobalSection(ProjectConfigurationPlatforms) = postSolution
		{B9C2A44C-AECA-4124-A5F2-F4914CD8CE43}.Debug|Any CPU.ActiveCfg = Debug|Any CPU
		{B9C2A44C-AECA-4124-A5F2-F4914CD8CE43}.Debug|Any CPU.Build.0 = Debug|Any CPU
		{B9C2A44C-AECA-4124-A5F2-F4914CD8CE43}.Release|Any CPU.ActiveCfg = Release|Any CPU
		{B9C2A44C-AECA-4124-A5F2-F4914CD8CE43}.Release|Any CPU.Build.0 = Release|Any CPU
	EndGlobalSection
	GlobalSection(SolutionProperties) = preSolution
		HideSolutionNode = FALSE
	EndGlobalSection
	GlobalSection(ExtensibilityGlobals) = postSolution
		SolutionGuid = {93F2A2BC-1A95-4448-A524-7047E32F64FB}
	EndGlobalSection
EndGlobal
