
Microsoft Visual Studio Solution File, Format Version 12.00
# Visual Studio Version 16
VisualStudioVersion = 16.0.31624.102
MinimumVisualStudioVersion = 10.0.40219.1
Project("{F2A71F9B-5D33-465A-A702-920D77279786}") = "Task_19", "Task_19.fsproj", "{DD095C01-2608-45A2-945F-C1B0293D7B9F}"
EndProject
Global
	GlobalSection(SolutionConfigurationPlatforms) = preSolution
		Debug|Any CPU = Debug|Any CPU
		Release|Any CPU = Release|Any CPU
	EndGlobalSection
	GlobalSection(ProjectConfigurationPlatforms) = postSolution
		{DD095C01-2608-45A2-945F-C1B0293D7B9F}.Debug|Any CPU.ActiveCfg = Debug|Any CPU
		{DD095C01-2608-45A2-945F-C1B0293D7B9F}.Debug|Any CPU.Build.0 = Debug|Any CPU
		{DD095C01-2608-45A2-945F-C1B0293D7B9F}.Release|Any CPU.ActiveCfg = Release|Any CPU
		{DD095C01-2608-45A2-945F-C1B0293D7B9F}.Release|Any CPU.Build.0 = Release|Any CPU
	EndGlobalSection
	GlobalSection(SolutionProperties) = preSolution
		HideSolutionNode = FALSE
	EndGlobalSection
	GlobalSection(ExtensibilityGlobals) = postSolution
		SolutionGuid = {6A51C9D2-D96E-4A9A-801F-A70C67D14FDE}
	EndGlobalSection
EndGlobal
