
Microsoft Visual Studio Solution File, Format Version 12.00
# Visual Studio Version 16
VisualStudioVersion = 16.0.32413.511
MinimumVisualStudioVersion = 10.0.40219.1
Project("{F2A71F9B-5D33-465A-A702-920D77279786}") = "_6", "_6.fsproj", "{DC9E1A65-9706-481B-9257-BC81AE543A12}"
EndProject
Global
	GlobalSection(SolutionConfigurationPlatforms) = preSolution
		Debug|Any CPU = Debug|Any CPU
		Release|Any CPU = Release|Any CPU
	EndGlobalSection
	GlobalSection(ProjectConfigurationPlatforms) = postSolution
		{DC9E1A65-9706-481B-9257-BC81AE543A12}.Debug|Any CPU.ActiveCfg = Debug|Any CPU
		{DC9E1A65-9706-481B-9257-BC81AE543A12}.Debug|Any CPU.Build.0 = Debug|Any CPU
		{DC9E1A65-9706-481B-9257-BC81AE543A12}.Release|Any CPU.ActiveCfg = Release|Any CPU
		{DC9E1A65-9706-481B-9257-BC81AE543A12}.Release|Any CPU.Build.0 = Release|Any CPU
	EndGlobalSection
	GlobalSection(SolutionProperties) = preSolution
		HideSolutionNode = FALSE
	EndGlobalSection
	GlobalSection(ExtensibilityGlobals) = postSolution
		SolutionGuid = {E6EC6373-1673-4D29-B017-E67098A045FB}
	EndGlobalSection
EndGlobal
