
Microsoft Visual Studio Solution File, Format Version 12.00
# Visual Studio Version 16
VisualStudioVersion = 16.0.31624.102
MinimumVisualStudioVersion = 10.0.40219.1
Project("{F2A71F9B-5D33-465A-A702-920D77279786}") = "_58", "_58.fsproj", "{C5A478A7-904D-458A-92DD-72441B5C1D00}"
EndProject
Global
	GlobalSection(SolutionConfigurationPlatforms) = preSolution
		Debug|Any CPU = Debug|Any CPU
		Release|Any CPU = Release|Any CPU
	EndGlobalSection
	GlobalSection(ProjectConfigurationPlatforms) = postSolution
		{C5A478A7-904D-458A-92DD-72441B5C1D00}.Debug|Any CPU.ActiveCfg = Debug|Any CPU
		{C5A478A7-904D-458A-92DD-72441B5C1D00}.Debug|Any CPU.Build.0 = Debug|Any CPU
		{C5A478A7-904D-458A-92DD-72441B5C1D00}.Release|Any CPU.ActiveCfg = Release|Any CPU
		{C5A478A7-904D-458A-92DD-72441B5C1D00}.Release|Any CPU.Build.0 = Release|Any CPU
	EndGlobalSection
	GlobalSection(SolutionProperties) = preSolution
		HideSolutionNode = FALSE
	EndGlobalSection
	GlobalSection(ExtensibilityGlobals) = postSolution
		SolutionGuid = {85EA5DC2-7687-4661-B588-19AD9D5C3287}
	EndGlobalSection
EndGlobal
