
Microsoft Visual Studio Solution File, Format Version 12.00
# Visual Studio Version 16
VisualStudioVersion = 16.0.31624.102
MinimumVisualStudioVersion = 10.0.40219.1
Project("{F2A71F9B-5D33-465A-A702-920D77279786}") = "_11", "_11.fsproj", "{EDFC0AD9-FAA5-4134-9557-330DC7E80CF0}"
EndProject
Global
	GlobalSection(SolutionConfigurationPlatforms) = preSolution
		Debug|Any CPU = Debug|Any CPU
		Release|Any CPU = Release|Any CPU
	EndGlobalSection
	GlobalSection(ProjectConfigurationPlatforms) = postSolution
		{EDFC0AD9-FAA5-4134-9557-330DC7E80CF0}.Debug|Any CPU.ActiveCfg = Debug|Any CPU
		{EDFC0AD9-FAA5-4134-9557-330DC7E80CF0}.Debug|Any CPU.Build.0 = Debug|Any CPU
		{EDFC0AD9-FAA5-4134-9557-330DC7E80CF0}.Release|Any CPU.ActiveCfg = Release|Any CPU
		{EDFC0AD9-FAA5-4134-9557-330DC7E80CF0}.Release|Any CPU.Build.0 = Release|Any CPU
	EndGlobalSection
	GlobalSection(SolutionProperties) = preSolution
		HideSolutionNode = FALSE
	EndGlobalSection
	GlobalSection(ExtensibilityGlobals) = postSolution
		SolutionGuid = {A5FE1EEB-EA6D-42AE-BAFB-77E3B3903E8C}
	EndGlobalSection
EndGlobal
